
Microsoft Visual Studio Solution File, Format Version 12.00
# Visual Studio Version 17
VisualStudioVersion = 17.5.33502.453
MinimumVisualStudioVersion = 10.0.40219.1
Project("{FAE04EC0-301F-11D3-BF4B-00C04F79EFBC}") = "exam", "exam\exam.csproj", "{4B6CD0CF-C8E2-4779-A959-1C6EF8C03797}"
EndProject
Global
	GlobalSection(SolutionConfigurationPlatforms) = preSolution
		Debug|Any CPU = Debug|Any CPU
		Release|Any CPU = Release|Any CPU
	EndGlobalSection
	GlobalSection(ProjectConfigurationPlatforms) = postSolution
		{4B6CD0CF-C8E2-4779-A959-1C6EF8C03797}.Debug|Any CPU.ActiveCfg = Debug|Any CPU
		{4B6CD0CF-C8E2-4779-A959-1C6EF8C03797}.Debug|Any CPU.Build.0 = Debug|Any CPU
		{4B6CD0CF-C8E2-4779-A959-1C6EF8C03797}.Release|Any CPU.ActiveCfg = Release|Any CPU
		{4B6CD0CF-C8E2-4779-A959-1C6EF8C03797}.Release|Any CPU.Build.0 = Release|Any CPU
	EndGlobalSection
	GlobalSection(SolutionProperties) = preSolution
		HideSolutionNode = FALSE
	EndGlobalSection
	GlobalSection(ExtensibilityGlobals) = postSolution
		SolutionGuid = {AF1E4D41-D1B2-43C8-A47F-B85B379923A2}
	EndGlobalSection
EndGlobal
